<?xml version="1.0" encoding="UTF-8" standalone="yes" ?>
<CodeBlocks_project_file>
	<FileVersion major="1" minor="6" />
	<Project>
		<Option title="GestionInstitutoTegnologia" />
		<Option pch_mode="2" />
		<Option compiler="gcc" />
		<Build>
			<Target title="Debug">
				<Option output="bin/Debug/GestionInstitutoTegnologia" prefix_auto="1" extension_auto="1" />
				<Option object_output="obj/Debug/" />
				<Option type="1" />
				<Option compiler="gcc" />
				<Compiler>
					<Add option="-g" />
					<Add directory="include" />
				</Compiler>
			</Target>
			<Target title="Release">
				<Option output="bin/Release/GestionInstitutoTegnologia" prefix_auto="1" extension_auto="1" />
				<Option object_output="obj/Release/" />
				<Option type="1" />
				<Option compiler="gcc" />
				<Compiler>
					<Add option="-O2" />
					<Add directory="include" />
				</Compiler>
				<Linker>
					<Add option="-s" />
				</Linker>
			</Target>
		</Build>
		<Compiler>
			<Add option="-Wall" />
		</Compiler>
		<Unit filename="include/ArchivoManager.h" />
		<Unit filename="include/Curso.h" />
		<Unit filename="include/Fecha.h" />
		<Unit filename="include/GestorInscripcion.h" />
		<Unit filename="include/Inscripcion.h" />
		<Unit filename="include/Menu.h" />
		<Unit filename="main.cpp" />
		<Unit filename="src/ArchivoManager.cpp" />
		<Unit filename="src/Curso.cpp" />
		<Unit filename="src/Fecha.cpp" />
		<Unit filename="src/GestorInscripcion.cpp" />
		<Unit filename="src/Inscripcion.cpp" />
		<Unit filename="src/Menu.cpp" />
		<Extensions />
	</Project>
</CodeBlocks_project_file>
